
Microsoft Visual Studio Solution File, Format Version 12.00
# Visual Studio Version 17
VisualStudioVersion = 17.5.002.0
MinimumVisualStudioVersion = 10.0.40219.1
Project("{9A19103F-16F7-4668-BE54-9A1E7A4F7556}") = "api", "api\api.csproj", "{C67C53F0-EBB3-4A36-84F0-4EB0205A4F2C}"
EndProject
Global
	GlobalSection(SolutionConfigurationPlatforms) = preSolution
		Debug|Any CPU = Debug|Any CPU
		Release|Any CPU = Release|Any CPU
	EndGlobalSection
	GlobalSection(ProjectConfigurationPlatforms) = postSolution
		{C67C53F0-EBB3-4A36-84F0-4EB0205A4F2C}.Debug|Any CPU.ActiveCfg = Debug|Any CPU
		{C67C53F0-EBB3-4A36-84F0-4EB0205A4F2C}.Debug|Any CPU.Build.0 = Debug|Any CPU
		{C67C53F0-EBB3-4A36-84F0-4EB0205A4F2C}.Release|Any CPU.ActiveCfg = Release|Any CPU
		{C67C53F0-EBB3-4A36-84F0-4EB0205A4F2C}.Release|Any CPU.Build.0 = Release|Any CPU
	EndGlobalSection
	GlobalSection(SolutionProperties) = preSolution
		HideSolutionNode = FALSE
	EndGlobalSection
	GlobalSection(ExtensibilityGlobals) = postSolution
		SolutionGuid = {A74FF0A8-DF78-4ACE-9997-313DF9D2B5B5}
	EndGlobalSection
EndGlobal
